
Microsoft Visual Studio Solution File, Format Version 12.00
# Visual Studio Version 17
VisualStudioVersion = 17.3.32811.315
MinimumVisualStudioVersion = 10.0.40219.1
Project("{8BC9CEB8-8B4A-11D0-8D11-00A0C91BC942}") = "Лабораторная работа(winAPI)", "Лабораторная работа(winAPI)\Лабораторная работа(winAPI).vcxproj", "{95B7FACE-2D8C-4DFF-A72E-5C1E8323D636}"
EndProject
Project("{8BC9CEB8-8B4A-11D0-8D11-00A0C91BC942}") = "ComboBox", "ComboBox\ComboBox.vcxproj", "{5F2D17B9-34AC-40B6-8BBE-F2D301487620}"
EndProject
Project("{8BC9CEB8-8B4A-11D0-8D11-00A0C91BC942}") = "MainWindow", "MainWindow\MainWindow.vcxproj", "{7E81D5BA-FB3C-4C16-8424-2002918A3EC4}"
EndProject
Project("{8BC9CEB8-8B4A-11D0-8D11-00A0C91BC942}") = "ListBox", "ListBox\ListBox.vcxproj", "{5BF478C9-E56C-48AF-A054-BCCBFA1A70F8}"
EndProject
Global
	GlobalSection(SolutionConfigurationPlatforms) = preSolution
		Debug|x64 = Debug|x64
		Debug|x86 = Debug|x86
		Release|x64 = Release|x64
		Release|x86 = Release|x86
	EndGlobalSection
	GlobalSection(ProjectConfigurationPlatforms) = postSolution
		{95B7FACE-2D8C-4DFF-A72E-5C1E8323D636}.Debug|x64.ActiveCfg = Debug|x64
		{95B7FACE-2D8C-4DFF-A72E-5C1E8323D636}.Debug|x64.Build.0 = Debug|x64
		{95B7FACE-2D8C-4DFF-A72E-5C1E8323D636}.Debug|x86.ActiveCfg = Debug|Win32
		{95B7FACE-2D8C-4DFF-A72E-5C1E8323D636}.Debug|x86.Build.0 = Debug|Win32
		{95B7FACE-2D8C-4DFF-A72E-5C1E8323D636}.Release|x64.ActiveCfg = Release|x64
		{95B7FACE-2D8C-4DFF-A72E-5C1E8323D636}.Release|x64.Build.0 = Release|x64
		{95B7FACE-2D8C-4DFF-A72E-5C1E8323D636}.Release|x86.ActiveCfg = Release|Win32
		{95B7FACE-2D8C-4DFF-A72E-5C1E8323D636}.Release|x86.Build.0 = Release|Win32
		{5F2D17B9-34AC-40B6-8BBE-F2D301487620}.Debug|x64.ActiveCfg = Debug|x64
		{5F2D17B9-34AC-40B6-8BBE-F2D301487620}.Debug|x64.Build.0 = Debug|x64
		{5F2D17B9-34AC-40B6-8BBE-F2D301487620}.Debug|x86.ActiveCfg = Debug|Win32
		{5F2D17B9-34AC-40B6-8BBE-F2D301487620}.Debug|x86.Build.0 = Debug|Win32
		{5F2D17B9-34AC-40B6-8BBE-F2D301487620}.Release|x64.ActiveCfg = Release|x64
		{5F2D17B9-34AC-40B6-8BBE-F2D301487620}.Release|x64.Build.0 = Release|x64
		{5F2D17B9-34AC-40B6-8BBE-F2D301487620}.Release|x86.ActiveCfg = Release|Win32
		{5F2D17B9-34AC-40B6-8BBE-F2D301487620}.Release|x86.Build.0 = Release|Win32
		{7E81D5BA-FB3C-4C16-8424-2002918A3EC4}.Debug|x64.ActiveCfg = Debug|x64
		{7E81D5BA-FB3C-4C16-8424-2002918A3EC4}.Debug|x64.Build.0 = Debug|x64
		{7E81D5BA-FB3C-4C16-8424-2002918A3EC4}.Debug|x86.ActiveCfg = Debug|Win32
		{7E81D5BA-FB3C-4C16-8424-2002918A3EC4}.Debug|x86.Build.0 = Debug|Win32
		{7E81D5BA-FB3C-4C16-8424-2002918A3EC4}.Release|x64.ActiveCfg = Release|x64
		{7E81D5BA-FB3C-4C16-8424-2002918A3EC4}.Release|x64.Build.0 = Release|x64
		{7E81D5BA-FB3C-4C16-8424-2002918A3EC4}.Release|x86.ActiveCfg = Release|Win32
		{7E81D5BA-FB3C-4C16-8424-2002918A3EC4}.Release|x86.Build.0 = Release|Win32
		{5BF478C9-E56C-48AF-A054-BCCBFA1A70F8}.Debug|x64.ActiveCfg = Debug|x64
		{5BF478C9-E56C-48AF-A054-BCCBFA1A70F8}.Debug|x64.Build.0 = Debug|x64
		{5BF478C9-E56C-48AF-A054-BCCBFA1A70F8}.Debug|x86.ActiveCfg = Debug|Win32
		{5BF478C9-E56C-48AF-A054-BCCBFA1A70F8}.Debug|x86.Build.0 = Debug|Win32
		{5BF478C9-E56C-48AF-A054-BCCBFA1A70F8}.Release|x64.ActiveCfg = Release|x64
		{5BF478C9-E56C-48AF-A054-BCCBFA1A70F8}.Release|x64.Build.0 = Release|x64
		{5BF478C9-E56C-48AF-A054-BCCBFA1A70F8}.Release|x86.ActiveCfg = Release|Win32
		{5BF478C9-E56C-48AF-A054-BCCBFA1A70F8}.Release|x86.Build.0 = Release|Win32
	EndGlobalSection
	GlobalSection(SolutionProperties) = preSolution
		HideSolutionNode = FALSE
	EndGlobalSection
	GlobalSection(ExtensibilityGlobals) = postSolution
		SolutionGuid = {00305F55-0484-416E-B1A2-B2B2E18DB5CF}
	EndGlobalSection
EndGlobal
